// !$*UTF8*$!
{
	archiveVersion = 1;
	classes = {
	};
	objectVersion = 46;
	objects = {

/* Begin PBXBuildFile section */
		644722181CF7CC8B001B7106 /* Main.storyboard in Resources */ = {isa = PBXBuildFile; fileRef = 644722161CF7CC8B001B7106 /* Main.storyboard */; };
		644722291CF7CCF2001B7106 /* RailLine.swift in Sources */ = {isa = PBXBuildFile; fileRef = 644722281CF7CCF2001B7106 /* RailLine.swift */; };
		6447222B1CF7CD11001B7106 /* RailLineTableViewController.swift in Sources */ = {isa = PBXBuildFile; fileRef = 6447222A1CF7CD11001B7106 /* RailLineTableViewController.swift */; };
		64B0136E1CF7E1D70095D1BE /* WMATAService.swift in Sources */ = {isa = PBXBuildFile; fileRef = 64B0136D1CF7E1D70095D1BE /* WMATAService.swift */; };
		64B013721CFA03360095D1BE /* RailLineCell.swift in Sources */ = {isa = PBXBuildFile; fileRef = 64B013711CFA03360095D1BE /* RailLineCell.swift */; };
		64D075571CFA5C3E0036875F /* RailStationTableViewController.swift in Sources */ = {isa = PBXBuildFile; fileRef = 64D075561CFA5C3E0036875F /* RailStationTableViewController.swift */; };
		64D075591CFA5CF80036875F /* RailStation.swift in Sources */ = {isa = PBXBuildFile; fileRef = 64D075581CFA5CF80036875F /* RailStation.swift */; };
		64D0755B1CFA76E70036875F /* RailStationCell.swift in Sources */ = {isa = PBXBuildFile; fileRef = 64D0755A1CFA76E70036875F /* RailStationCell.swift */; };
		64D0755D1CFBFBDD0036875F /* RailStationDetailsViewController.swift in Sources */ = {isa = PBXBuildFile; fileRef = 64D0755C1CFBFBDD0036875F /* RailStationDetailsViewController.swift */; };
		64D075671CFC78530036875F /* AppDelegate.swift in Sources */ = {isa = PBXBuildFile; fileRef = 64D075621CFC78530036875F /* AppDelegate.swift */; };
		64D075681CFC78530036875F /* Assets.xcassets in Resources */ = {isa = PBXBuildFile; fileRef = 64D075631CFC78530036875F /* Assets.xcassets */; };
		64D0756A1CFC78530036875F /* keys.plist in Resources */ = {isa = PBXBuildFile; fileRef = 64D075651CFC78530036875F /* keys.plist */; };
		64D0756B1CFC78530036875F /* LaunchScreen.storyboard in Resources */ = {isa = PBXBuildFile; fileRef = 64D075661CFC78530036875F /* LaunchScreen.storyboard */; };
		64D075721CFC9C630036875F /* Train.swift in Sources */ = {isa = PBXBuildFile; fileRef = 64D075711CFC9C630036875F /* Train.swift */; };
		9FE185CB0226DC867DF48727 /* Pods_TrainSpottr.framework in Frameworks */ = {isa = PBXBuildFile; fileRef = 33D19565DE4233FD70A9D719 /* Pods_TrainSpottr.framework */; };
/* End PBXBuildFile section */

/* Begin PBXFileReference section */
		003C53BF94772D71A35F14C4 /* Pods-TrainSpottr.debug.xcconfig */ = {isa = PBXFileReference; includeInIndex = 1; lastKnownFileType = text.xcconfig; name = "Pods-TrainSpottr.debug.xcconfig"; path = "Pods/Target Support Files/Pods-TrainSpottr/Pods-TrainSpottr.debug.xcconfig"; sourceTree = "<group>"; };
		33D19565DE4233FD70A9D719 /* Pods_TrainSpottr.framework */ = {isa = PBXFileReference; explicitFileType = wrapper.framework; includeInIndex = 0; path = Pods_TrainSpottr.framework; sourceTree = BUILT_PRODUCTS_DIR; };
		6447220F1CF7CC8B001B7106 /* TrainSpottr.app */ = {isa = PBXFileReference; explicitFileType = wrapper.application; includeInIndex = 0; path = TrainSpottr.app; sourceTree = BUILT_PRODUCTS_DIR; };
		644722171CF7CC8B001B7106 /* Base */ = {isa = PBXFileReference; lastKnownFileType = file.storyboard; name = Base; path = Base.lproj/Main.storyboard; sourceTree = "<group>"; };
		644722281CF7CCF2001B7106 /* RailLine.swift */ = {isa = PBXFileReference; fileEncoding = 4; lastKnownFileType = sourcecode.swift; path = RailLine.swift; sourceTree = "<group>"; };
		6447222A1CF7CD11001B7106 /* RailLineTableViewController.swift */ = {isa = PBXFileReference; fileEncoding = 4; lastKnownFileType = sourcecode.swift; path = RailLineTableViewController.swift; sourceTree = "<group>"; };
		64B0136D1CF7E1D70095D1BE /* WMATAService.swift */ = {isa = PBXFileReference; fileEncoding = 4; lastKnownFileType = sourcecode.swift; path = WMATAService.swift; sourceTree = "<group>"; };
		64B013711CFA03360095D1BE /* RailLineCell.swift */ = {isa = PBXFileReference; fileEncoding = 4; lastKnownFileType = sourcecode.swift; path = RailLineCell.swift; sourceTree = "<group>"; };
		64D075561CFA5C3E0036875F /* RailStationTableViewController.swift */ = {isa = PBXFileReference; fileEncoding = 4; lastKnownFileType = sourcecode.swift; path = RailStationTableViewController.swift; sourceTree = "<group>"; };
		64D075581CFA5CF80036875F /* RailStation.swift */ = {isa = PBXFileReference; fileEncoding = 4; lastKnownFileType = sourcecode.swift; path = RailStation.swift; sourceTree = "<group>"; };
		64D0755A1CFA76E70036875F /* RailStationCell.swift */ = {isa = PBXFileReference; fileEncoding = 4; lastKnownFileType = sourcecode.swift; path = RailStationCell.swift; sourceTree = "<group>"; };
		64D0755C1CFBFBDD0036875F /* RailStationDetailsViewController.swift */ = {isa = PBXFileReference; fileEncoding = 4; lastKnownFileType = sourcecode.swift; path = RailStationDetailsViewController.swift; sourceTree = "<group>"; };
		64D075621CFC78530036875F /* AppDelegate.swift */ = {isa = PBXFileReference; fileEncoding = 4; lastKnownFileType = sourcecode.swift; path = AppDelegate.swift; sourceTree = "<group>"; };
		64D075631CFC78530036875F /* Assets.xcassets */ = {isa = PBXFileReference; lastKnownFileType = folder.assetcatalog; path = Assets.xcassets; sourceTree = "<group>"; };
		64D075641CFC78530036875F /* Info.plist */ = {isa = PBXFileReference; fileEncoding = 4; lastKnownFileType = text.plist.xml; path = Info.plist; sourceTree = "<group>"; };
		64D075651CFC78530036875F /* keys.plist */ = {isa = PBXFileReference; fileEncoding = 4; lastKnownFileType = text.plist.xml; path = keys.plist; sourceTree = "<group>"; };
		64D075661CFC78530036875F /* LaunchScreen.storyboard */ = {isa = PBXFileReference; fileEncoding = 4; lastKnownFileType = file.storyboard; path = LaunchScreen.storyboard; sourceTree = "<group>"; };
		64D075711CFC9C630036875F /* Train.swift */ = {isa = PBXFileReference; fileEncoding = 4; lastKnownFileType = sourcecode.swift; path = Train.swift; sourceTree = "<group>"; };
		7B88B53DA5EF433DEC257EA8 /* Pods-TrainSpottr.release.xcconfig */ = {isa = PBXFileReference; includeInIndex = 1; lastKnownFileType = text.xcconfig; name = "Pods-TrainSpottr.release.xcconfig"; path = "Pods/Target Support Files/Pods-TrainSpottr/Pods-TrainSpottr.release.xcconfig"; sourceTree = "<group>"; };
/* End PBXFileReference section */

/* Begin PBXFrameworksBuildPhase section */
		6447220C1CF7CC8B001B7106 /* Frameworks */ = {
			isa = PBXFrameworksBuildPhase;
			buildActionMask = 2147483647;
			files = (
				9FE185CB0226DC867DF48727 /* Pods_TrainSpottr.framework in Frameworks */,
			);
			runOnlyForDeploymentPostprocessing = 0;
		};
/* End PBXFrameworksBuildPhase section */

/* Begin PBXGroup section */
		5D115AD85CBE0C5C5642FB8C /* Pods */ = {
			isa = PBXGroup;
			children = (
				003C53BF94772D71A35F14C4 /* Pods-TrainSpottr.debug.xcconfig */,
				7B88B53DA5EF433DEC257EA8 /* Pods-TrainSpottr.release.xcconfig */,
			);
			name = Pods;
			sourceTree = "<group>";
		};
		644722061CF7CC8B001B7106 = {
			isa = PBXGroup;
			children = (
				644722111CF7CC8B001B7106 /* TrainSpottr */,
				644722101CF7CC8B001B7106 /* Products */,
				5D115AD85CBE0C5C5642FB8C /* Pods */,
				DF61BC782097B01D3F272B00 /* Frameworks */,
			);
			sourceTree = "<group>";
		};
		644722101CF7CC8B001B7106 /* Products */ = {
			isa = PBXGroup;
			children = (
				6447220F1CF7CC8B001B7106 /* TrainSpottr.app */,
			);
			name = Products;
			sourceTree = "<group>";
		};
		644722111CF7CC8B001B7106 /* TrainSpottr */ = {
			isa = PBXGroup;
			children = (
				644722161CF7CC8B001B7106 /* Main.storyboard */,
				64B0136C1CF7E18B0095D1BE /* Networking */,
				644722271CF7CCB8001B7106 /* Model */,
				644722261CF7CCB5001B7106 /* View */,
				644722251CF7CCAF001B7106 /* Controller */,
				64D0756C1CFC78750036875F /* Supporting Files */,
			);
			path = TrainSpottr;
			sourceTree = "<group>";
		};
		644722251CF7CCAF001B7106 /* Controller */ = {
			isa = PBXGroup;
			children = (
				6447222A1CF7CD11001B7106 /* RailLineTableViewController.swift */,
				64D075561CFA5C3E0036875F /* RailStationTableViewController.swift */,
				64D0755C1CFBFBDD0036875F /* RailStationDetailsViewController.swift */,
			);
			name = Controller;
			sourceTree = "<group>";
		};
		644722261CF7CCB5001B7106 /* View */ = {
			isa = PBXGroup;
			children = (
				64B013711CFA03360095D1BE /* RailLineCell.swift */,
				64D0755A1CFA76E70036875F /* RailStationCell.swift */,
			);
			name = View;
			sourceTree = "<group>";
		};
		644722271CF7CCB8001B7106 /* Model */ = {
			isa = PBXGroup;
			children = (
				644722281CF7CCF2001B7106 /* RailLine.swift */,
				64D075581CFA5CF80036875F /* RailStation.swift */,
				64D075711CFC9C630036875F /* Train.swift */,
			);
			name = Model;
			sourceTree = "<group>";
		};
		64B0136C1CF7E18B0095D1BE /* Networking */ = {
			isa = PBXGroup;
			children = (
				64B0136D1CF7E1D70095D1BE /* WMATAService.swift */,
			);
			name = Networking;
			sourceTree = "<group>";
		};
		64D0756C1CFC78750036875F /* Supporting Files */ = {
			isa = PBXGroup;
			children = (
				64D075621CFC78530036875F /* AppDelegate.swift */,
				64D075631CFC78530036875F /* Assets.xcassets */,
				64D075641CFC78530036875F /* Info.plist */,
				64D075651CFC78530036875F /* keys.plist */,
				64D075661CFC78530036875F /* LaunchScreen.storyboard */,
			);
			name = "Supporting Files";
			sourceTree = "<group>";
		};
		DF61BC782097B01D3F272B00 /* Frameworks */ = {
			isa = PBXGroup;
			children = (
				33D19565DE4233FD70A9D719 /* Pods_TrainSpottr.framework */,
			);
			name = Frameworks;
			sourceTree = "<group>";
		};
/* End PBXGroup section */

/* Begin PBXNativeTarget section */
		6447220E1CF7CC8B001B7106 /* TrainSpottr */ = {
			isa = PBXNativeTarget;
			buildConfigurationList = 644722211CF7CC8B001B7106 /* Build configuration list for PBXNativeTarget "TrainSpottr" */;
			buildPhases = (
				AC7FFD7FB0DA0F29898DF561 /* [CP] Check Pods Manifest.lock */,
				6447220B1CF7CC8B001B7106 /* Sources */,
				6447220C1CF7CC8B001B7106 /* Frameworks */,
				6447220D1CF7CC8B001B7106 /* Resources */,
				0377D07ACD813C47BA57DF80 /* [CP] Embed Pods Frameworks */,
				FA79F33D98D1A997EDAF6471 /* [CP] Copy Pods Resources */,
			);
			buildRules = (
			);
			dependencies = (
			);
			name = TrainSpottr;
			productName = TrainSpottr;
			productReference = 6447220F1CF7CC8B001B7106 /* TrainSpottr.app */;
			productType = "com.apple.product-type.application";
		};
/* End PBXNativeTarget section */

/* Begin PBXProject section */
		644722071CF7CC8B001B7106 /* Project object */ = {
			isa = PBXProject;
			attributes = {
				LastSwiftUpdateCheck = 0730;
				LastUpgradeCheck = 0730;
				ORGANIZATIONNAME = "Will Williams";
				TargetAttributes = {
					6447220E1CF7CC8B001B7106 = {
						CreatedOnToolsVersion = 7.3.1;
						DevelopmentTeam = PYMZ43564K;
					};
				};
			};
			buildConfigurationList = 6447220A1CF7CC8B001B7106 /* Build configuration list for PBXProject "TrainSpottr" */;
			compatibilityVersion = "Xcode 3.2";
			developmentRegion = English;
			hasScannedForEncodings = 0;
			knownRegions = (
				en,
				Base,
			);
			mainGroup = 644722061CF7CC8B001B7106;
			productRefGroup = 644722101CF7CC8B001B7106 /* Products */;
			projectDirPath = "";
			projectRoot = "";
			targets = (
				6447220E1CF7CC8B001B7106 /* TrainSpottr */,
			);
		};
/* End PBXProject section */

/* Begin PBXResourcesBuildPhase section */
		6447220D1CF7CC8B001B7106 /* Resources */ = {
			isa = PBXResourcesBuildPhase;
			buildActionMask = 2147483647;
			files = (
				64D0756A1CFC78530036875F /* keys.plist in Resources */,
				64D075681CFC78530036875F /* Assets.xcassets in Resources */,
				644722181CF7CC8B001B7106 /* Main.storyboard in Resources */,
				64D0756B1CFC78530036875F /* LaunchScreen.storyboard in Resources */,
			);
			runOnlyForDeploymentPostprocessing = 0;
		};
/* End PBXResourcesBuildPhase section */

/* Begin PBXShellScriptBuildPhase section */
		0377D07ACD813C47BA57DF80 /* [CP] Embed Pods Frameworks */ = {
			isa = PBXShellScriptBuildPhase;
			buildActionMask = 2147483647;
			files = (
			);
			inputPaths = (
			);
			name = "[CP] Embed Pods Frameworks";
			outputPaths = (
			);
			runOnlyForDeploymentPostprocessing = 0;
			shellPath = /bin/sh;
			shellScript = "\"${SRCROOT}/Pods/Target Support Files/Pods-TrainSpottr/Pods-TrainSpottr-frameworks.sh\"\n";
			showEnvVarsInLog = 0;
		};
		AC7FFD7FB0DA0F29898DF561 /* [CP] Check Pods Manifest.lock */ = {
			isa = PBXShellScriptBuildPhase;
			buildActionMask = 2147483647;
			files = (
			);
			inputPaths = (
			);
			name = "[CP] Check Pods Manifest.lock";
			outputPaths = (
			);
			runOnlyForDeploymentPostprocessing = 0;
			shellPath = /bin/sh;
			shellScript = "diff \"${PODS_ROOT}/../Podfile.lock\" \"${PODS_ROOT}/Manifest.lock\" > /dev/null\nif [[ $? != 0 ]] ; then\n    cat << EOM\nerror: The sandbox is not in sync with the Podfile.lock. Run 'pod install' or update your CocoaPods installation.\nEOM\n    exit 1\nfi\n";
			showEnvVarsInLog = 0;
		};
		FA79F33D98D1A997EDAF6471 /* [CP] Copy Pods Resources */ = {
			isa = PBXShellScriptBuildPhase;
			buildActionMask = 2147483647;
			files = (
			);
			inputPaths = (
			);
			name = "[CP] Copy Pods Resources";
			outputPaths = (
			);
			runOnlyForDeploymentPostprocessing = 0;
			shellPath = /bin/sh;
			shellScript = "\"${SRCROOT}/Pods/Target Support Files/Pods-TrainSpottr/Pods-TrainSpottr-resources.sh\"\n";
			showEnvVarsInLog = 0;
		};
/* End PBXShellScriptBuildPhase section */

/* Begin PBXSourcesBuildPhase section */
		6447220B1CF7CC8B001B7106 /* Sources */ = {
			isa = PBXSourcesBuildPhase;
			buildActionMask = 2147483647;
			files = (
				64B0136E1CF7E1D70095D1BE /* WMATAService.swift in Sources */,
				64B013721CFA03360095D1BE /* RailLineCell.swift in Sources */,
				64D075721CFC9C630036875F /* Train.swift in Sources */,
				64D075671CFC78530036875F /* AppDelegate.swift in Sources */,
				64D0755D1CFBFBDD0036875F /* RailStationDetailsViewController.swift in Sources */,
				64D0755B1CFA76E70036875F /* RailStationCell.swift in Sources */,
				644722291CF7CCF2001B7106 /* RailLine.swift in Sources */,
				64D075571CFA5C3E0036875F /* RailStationTableViewController.swift in Sources */,
				64D075591CFA5CF80036875F /* RailStation.swift in Sources */,
				6447222B1CF7CD11001B7106 /* RailLineTableViewController.swift in Sources */,
			);
			runOnlyForDeploymentPostprocessing = 0;
		};
/* End PBXSourcesBuildPhase section */

/* Begin PBXVariantGroup section */
		644722161CF7CC8B001B7106 /* Main.storyboard */ = {
			isa = PBXVariantGroup;
			children = (
				644722171CF7CC8B001B7106 /* Base */,
			);
			name = Main.storyboard;
			sourceTree = "<group>";
		};
/* End PBXVariantGroup section */

/* Begin XCBuildConfiguration section */
		6447221F1CF7CC8B001B7106 /* Debug */ = {
			isa = XCBuildConfiguration;
			buildSettings = {
				ALWAYS_SEARCH_USER_PATHS = NO;
				CLANG_ANALYZER_NONNULL = YES;
				CLANG_CXX_LANGUAGE_STANDARD = "gnu++0x";
				CLANG_CXX_LIBRARY = "libc++";
				CLANG_ENABLE_MODULES = YES;
				CLANG_ENABLE_OBJC_ARC = YES;
				CLANG_WARN_BOOL_CONVERSION = YES;
				CLANG_WARN_CONSTANT_CONVERSION = YES;
				CLANG_WARN_DIRECT_OBJC_ISA_USAGE = YES_ERROR;
				CLANG_WARN_EMPTY_BODY = YES;
				CLANG_WARN_ENUM_CONVERSION = YES;
				CLANG_WARN_INT_CONVERSION = YES;
				CLANG_WARN_OBJC_ROOT_CLASS = YES_ERROR;
				CLANG_WARN_UNREACHABLE_CODE = YES;
				CLANG_WARN__DUPLICATE_METHOD_MATCH = YES;
				"CODE_SIGN_IDENTITY[sdk=iphoneos*]" = "iPhone Developer";
				COPY_PHASE_STRIP = NO;
				DEBUG_INFORMATION_FORMAT = dwarf;
				ENABLE_STRICT_OBJC_MSGSEND = YES;
				ENABLE_TESTABILITY = YES;
				GCC_C_LANGUAGE_STANDARD = gnu99;
				GCC_DYNAMIC_NO_PIC = NO;
				GCC_NO_COMMON_BLOCKS = YES;
				GCC_OPTIMIZATION_LEVEL = 0;
				GCC_PREPROCESSOR_DEFINITIONS = (
					"DEBUG=1",
					"$(inherited)",
				);
				GCC_WARN_64_TO_32_BIT_CONVERSION = YES;
				GCC_WARN_ABOUT_RETURN_TYPE = YES_ERROR;
				GCC_WARN_UNDECLARED_SELECTOR = YES;
				GCC_WARN_UNINITIALIZED_AUTOS = YES_AGGRESSIVE;
				GCC_WARN_UNUSED_FUNCTION = YES;
				GCC_WARN_UNUSED_VARIABLE = YES;
				IPHONEOS_DEPLOYMENT_TARGET = 9.3;
				MTL_ENABLE_DEBUG_INFO = YES;
				ONLY_ACTIVE_ARCH = YES;
				SDKROOT = iphoneos;
				SWIFT_OPTIMIZATION_LEVEL = "-Onone";
			};
			name = Debug;
		};
		644722201CF7CC8B001B7106 /* Release */ = {
			isa = XCBuildConfiguration;
			buildSettings = {
				ALWAYS_SEARCH_USER_PATHS = NO;
				CLANG_ANALYZER_NONNULL = YES;
				CLANG_CXX_LANGUAGE_STANDARD = "gnu++0x";
				CLANG_CXX_LIBRARY = "libc++";
				CLANG_ENABLE_MODULES = YES;
				CLANG_ENABLE_OBJC_ARC = YES;
				CLANG_WARN_BOOL_CONVERSION = YES;
				CLANG_WARN_CONSTANT_CONVERSION = YES;
				CLANG_WARN_DIRECT_OBJC_ISA_USAGE = YES_ERROR;
				CLANG_WARN_EMPTY_BODY = YES;
				CLANG_WARN_ENUM_CONVERSION = YES;
				CLANG_WARN_INT_CONVERSION = YES;
				CLANG_WARN_OBJC_ROOT_CLASS = YES_ERROR;
				CLANG_WARN_UNREACHABLE_CODE = YES;
				CLANG_WARN__DUPLICATE_METHOD_MATCH = YES;
				"CODE_SIGN_IDENTITY[sdk=iphoneos*]" = "iPhone Developer";
				COPY_PHASE_STRIP = NO;
				DEBUG_INFORMATION_FORMAT = "dwarf-with-dsym";
				ENABLE_NS_ASSERTIONS = NO;
				ENABLE_STRICT_OBJC_MSGSEND = YES;
				GCC_C_LANGUAGE_STANDARD = gnu99;
				GCC_NO_COMMON_BLOCKS = YES;
				GCC_WARN_64_TO_32_BIT_CONVERSION = YES;
				GCC_WARN_ABOUT_RETURN_TYPE = YES_ERROR;
				GCC_WARN_UNDECLARED_SELECTOR = YES;
				GCC_WARN_UNINITIALIZED_AUTOS = YES_AGGRESSIVE;
				GCC_WARN_UNUSED_FUNCTION = YES;
				GCC_WARN_UNUSED_VARIABLE = YES;
				IPHONEOS_DEPLOYMENT_TARGET = 9.3;
				MTL_ENABLE_DEBUG_INFO = NO;
				SDKROOT = iphoneos;
				VALIDATE_PRODUCT = YES;
			};
			name = Release;
		};
		644722221CF7CC8B001B7106 /* Debug */ = {
			isa = XCBuildConfiguration;
			baseConfigurationReference = 003C53BF94772D71A35F14C4 /* Pods-TrainSpottr.debug.xcconfig */;
			buildSettings = {
				ASSETCATALOG_COMPILER_APPICON_NAME = AppIcon;
				CLANG_ENABLE_MODULES = YES;
				CODE_SIGN_IDENTITY = "iPhone Developer";
				"CODE_SIGN_IDENTITY[sdk=iphoneos*]" = "iPhone Developer";
				INFOPLIST_FILE = TrainSpottr/Info.plist;
				LD_RUNPATH_SEARCH_PATHS = "$(inherited) @executable_path/Frameworks";
				PRODUCT_BUNDLE_IDENTIFIER = com.williamSquared.TrainSpottr;
				PRODUCT_NAME = "$(TARGET_NAME)";
				PROVISIONING_PROFILE = "";
				SWIFT_OPTIMIZATION_LEVEL = "-Onone";
				SWIFT_VERSION = 2.3;
			};
			name = Debug;
		};
		644722231CF7CC8B001B7106 /* Release */ = {
			isa = XCBuildConfiguration;
			baseConfigurationReference = 7B88B53DA5EF433DEC257EA8 /* Pods-TrainSpottr.release.xcconfig */;
			buildSettings = {
				ASSETCATALOG_COMPILER_APPICON_NAME = AppIcon;
				CLANG_ENABLE_MODULES = YES;
				CODE_SIGN_IDENTITY = "iPhone Developer";
				"CODE_SIGN_IDENTITY[sdk=iphoneos*]" = "iPhone Developer";
				INFOPLIST_FILE = TrainSpottr/Info.plist;
				LD_RUNPATH_SEARCH_PATHS = "$(inherited) @executable_path/Frameworks";
				PRODUCT_BUNDLE_IDENTIFIER = com.williamSquared.TrainSpottr;
				PRODUCT_NAME = "$(TARGET_NAME)";
				PROVISIONING_PROFILE = "";
				SWIFT_VERSION = 2.3;
			};
			name = Release;
		};
/* End XCBuildConfiguration section */

/* Begin XCConfigurationList section */
		6447220A1CF7CC8B001B7106 /* Build configuration list for PBXProject "TrainSpottr" */ = {
			isa = XCConfigurationList;
			buildConfigurations = (
				6447221F1CF7CC8B001B7106 /* Debug */,
				644722201CF7CC8B001B7106 /* Release */,
			);
			defaultConfigurationIsVisible = 0;
			defaultConfigurationName = Release;
		};
		644722211CF7CC8B001B7106 /* Build configuration list for PBXNativeTarget "TrainSpottr" */ = {
			isa = XCConfigurationList;
			buildConfigurations = (
				644722221CF7CC8B001B7106 /* Debug */,
				644722231CF7CC8B001B7106 /* Release */,
			);
			defaultConfigurationIsVisible = 0;
			defaultConfigurationName = Release;
		};
/* End XCConfigurationList section */
	};
	rootObject = 644722071CF7CC8B001B7106 /* Project object */;
}
